
Microsoft Visual Studio Solution File, Format Version 12.00
# Visual Studio Version 17
VisualStudioVersion = 17.10.35122.118
MinimumVisualStudioVersion = 10.0.40219.1
Project("{FAE04EC0-301F-11D3-BF4B-00C04F79EFBC}") = "IIS-Publisher", "IIS-Publisher\IIS-Publisher.csproj", "{994FD65F-4C73-45ED-8467-4DA7CD46A281}"
EndProject
Global
	GlobalSection(SolutionConfigurationPlatforms) = preSolution
		Debug|Any CPU = Debug|Any CPU
		Release|Any CPU = Release|Any CPU
	EndGlobalSection
	GlobalSection(ProjectConfigurationPlatforms) = postSolution
		{994FD65F-4C73-45ED-8467-4DA7CD46A281}.Debug|Any CPU.ActiveCfg = Debug|Any CPU
		{994FD65F-4C73-45ED-8467-4DA7CD46A281}.Debug|Any CPU.Build.0 = Debug|Any CPU
		{994FD65F-4C73-45ED-8467-4DA7CD46A281}.Release|Any CPU.ActiveCfg = Release|Any CPU
		{994FD65F-4C73-45ED-8467-4DA7CD46A281}.Release|Any CPU.Build.0 = Release|Any CPU
	EndGlobalSection
	GlobalSection(SolutionProperties) = preSolution
		HideSolutionNode = FALSE
	EndGlobalSection
	GlobalSection(ExtensibilityGlobals) = postSolution
		SolutionGuid = {719BE9D0-3F28-4FDD-80E6-24FB0CE7F7C2}
	EndGlobalSection
EndGlobal
